{
  "version": 4,
  "terraform_version": "1.5.7",
  "serial": 52,
  "lineage": "93f53cc0-c756-5ba0-9f24-8d698420fcf6",
  "outputs": {
    "alb_arn": {
      "value": "arn:aws:elasticloadbalancing:us-east-1:891612582051:loadbalancer/app/multi-az-vpc-dev-alb/644fbb6b489e545c",
      "type": "string"
    },
    "alb_dns_name": {
      "value": "multi-az-vpc-dev-alb-69468450.us-east-1.elb.amazonaws.com",
      "type": "string"
    },
    "alb_hosted_zone_id": {
      "value": "Z35SXDOTRQ7X7K",
      "type": "string"
    },
    "alb_id": {
      "value": "arn:aws:elasticloadbalancing:us-east-1:891612582051:loadbalancer/app/multi-az-vpc-dev-alb/644fbb6b489e545c",
      "type": "string"
    },
    "alb_name": {
      "value": "multi-az-vpc-dev-alb",
      "type": "string"
    },
    "alb_security_group_id": {
      "value": "sg-006c8ba866d6b774a",
      "type": "string"
    },
    "autoscaling_group_id": {
      "value": "multi-az-vpc-dev-asg",
      "type": "string"
    },
    "autoscaling_group_name": {
      "value": "multi-az-vpc-dev-asg",
      "type": "string"
    },
    "availability_zones": {
      "value": [
        "us-east-1a",
        "us-east-1b"
      ],
      "type": [
        "list",
        "string"
      ]
    },
    "cpu_high_alarm_arn": {
      "value": "arn:aws:cloudwatch:us-east-1:891612582051:alarm:multi-az-vpc-dev-cpu-high",
      "type": "string"
    },
    "cpu_low_alarm_arn": {
      "value": "arn:aws:cloudwatch:us-east-1:891612582051:alarm:multi-az-vpc-dev-cpu-low",
      "type": "string"
    },
    "database_instance_class": {
      "value": "db.t3.micro",
      "type": "string"
    },
    "database_instance_endpoint": {
      "value": "multi-az-vpc-dev-db.cc3w0qkyopxz.us-east-1.rds.amazonaws.com:5432",
      "type": "string"
    },
    "database_instance_engine": {
      "value": "postgres",
      "type": "string"
    },
    "database_instance_engine_version": {
      "value": "17.2",
      "type": "string"
    },
    "database_instance_id": {
      "value": "db-X5NR3VXWFYJ5Z4AXRWCEJIZR5M",
      "type": "string"
    },
    "database_instance_multi_az": {
      "value": true,
      "type": "bool"
    },
    "database_instance_name": {
      "value": "myapp",
      "type": "string"
    },
    "database_instance_password": {
      "value": "Z7S6Nmr0!#u359bQ",
      "type": "string",
      "sensitive": true
    },
    "database_instance_port": {
      "value": 5432,
      "type": "number"
    },
    "database_instance_status": {
      "value": "available",
      "type": "string"
    },
    "database_instance_username": {
      "value": "postgres",
      "type": "string"
    },
    "database_secret_arn": {
      "value": "arn:aws:secretsmanager:us-east-1:891612582051:secret:multi-az-vpc-dev-database-credentials-hYUrFd",
      "type": "string"
    },
    "database_security_group_id": {
      "value": "sg-0d033a360b73ac2de",
      "type": "string"
    },
    "database_subnet_group_id": {
      "value": "multi-az-vpc-dev-subnet-group",
      "type": "string"
    },
    "http_listener_arn": {
      "value": "arn:aws:elasticloadbalancing:us-east-1:891612582051:listener/app/multi-az-vpc-dev-alb/644fbb6b489e545c/b773908298bbd731",
      "type": "string"
    },
    "iam_role_name": {
      "value": "multi-az-vpc-dev-instance-role",
      "type": "string"
    },
    "internet_gateway_id": {
      "value": "igw-0dc1299685cdba765",
      "type": "string"
    },
    "launch_template_id": {
      "value": "lt-040909be151cfe0c5",
      "type": "string"
    },
    "launch_template_name": {
      "value": "multi-az-vpc-dev-20251015122955840400000006",
      "type": "string"
    },
    "nat_gateway_ids": {
      "value": [
        "nat-01138f231b79b483b",
        "nat-0d6ed4b6fbb38e0f6"
      ],
      "type": [
        "tuple",
        [
          "string",
          "string"
        ]
      ]
    },
    "nat_gateway_public_ips": {
      "value": [
        "44.215.99.156",
        "98.90.79.227"
      ],
      "type": [
        "tuple",
        [
          "string",
          "string"
        ]
      ]
    },
    "private_route_table_ids": {
      "value": [
        "rtb-061b4f9afef3d664c",
        "rtb-0df6a88f180bc0ced"
      ],
      "type": [
        "tuple",
        [
          "string",
          "string"
        ]
      ]
    },
    "private_subnet_cidrs": {
      "value": [
        "10.0.11.0/24",
        "10.0.12.0/24"
      ],
      "type": [
        "tuple",
        [
          "string",
          "string"
        ]
      ]
    },
    "private_subnet_ids": {
      "value": [
        "subnet-0ff68d312969fca17",
        "subnet-01920710151dc9206"
      ],
      "type": [
        "tuple",
        [
          "string",
          "string"
        ]
      ]
    },
    "public_route_table_id": {
      "value": "rtb-03cb3f71ec0f87bb9",
      "type": "string"
    },
    "public_subnet_cidrs": {
      "value": [
        "10.0.1.0/24",
        "10.0.2.0/24"
      ],
      "type": [
        "tuple",
        [
          "string",
          "string"
        ]
      ]
    },
    "public_subnet_ids": {
      "value": [
        "subnet-08160f8b963cee6dc",
        "subnet-0c2c119a2d2cede8b"
      ],
      "type": [
        "tuple",
        [
          "string",
          "string"
        ]
      ]
    },
    "read_replica_instance_endpoint": {
      "value": "multi-az-vpc-dev-db-read-replica.cc3w0qkyopxz.us-east-1.rds.amazonaws.com:5432",
      "type": "string"
    },
    "read_replica_instance_status": {
      "value": "available",
      "type": "string"
    },
    "scale_in_policy_arn": {
      "value": "arn:aws:autoscaling:us-east-1:891612582051:scalingPolicy:b0d15ffc-6138-492e-a25f-2200d876d544:autoScalingGroupName/multi-az-vpc-dev-asg:policyName/multi-az-vpc-dev-scale-in",
      "type": "string"
    },
    "scale_out_policy_arn": {
      "value": "arn:aws:autoscaling:us-east-1:891612582051:scalingPolicy:8481f772-a32c-478d-ab38-e2f9d1e07985:autoScalingGroupName/multi-az-vpc-dev-asg:policyName/multi-az-vpc-dev-scale-out",
      "type": "string"
    },
    "security_group_id": {
      "value": "sg-064bad99095d44c7d",
      "type": "string"
    },
    "target_group_arn": {
      "value": "arn:aws:elasticloadbalancing:us-east-1:891612582051:targetgroup/multi-az-vpc-dev-tg/4de6187a4b926905",
      "type": "string"
    },
    "target_group_name": {
      "value": "multi-az-vpc-dev-tg",
      "type": "string"
    },
    "ubuntu_ami_id": {
      "value": "ami-0c398cb65a93047f2",
      "type": "string"
    },
    "vpc_cidr_block": {
      "value": "10.0.0.0/16",
      "type": "string"
    },
    "vpc_id": {
      "value": "vpc-010af611eca6c8550",
      "type": "string"
    }
  },
  "resources": [
    {
      "module": "module.alb",
      "mode": "managed",
      "type": "aws_lb",
      "name": "main",
      "provider": "provider[\"registry.terraform.io/hashicorp/aws\"]",
      "instances": [
        {
          "schema_version": 0,
          "attributes": {
            "access_logs": [
              {
                "bucket": "",
                "enabled": false,
                "prefix": ""
              }
            ],
            "arn": "arn:aws:elasticloadbalancing:us-east-1:891612582051:loadbalancer/app/multi-az-vpc-dev-alb/644fbb6b489e545c",
            "arn_suffix": "app/multi-az-vpc-dev-alb/644fbb6b489e545c",
            "client_keep_alive": 3600,
            "connection_logs": [
              {
                "bucket": "",
                "enabled": false,
                "prefix": ""
              }
            ],
            "customer_owned_ipv4_pool": "",
            "desync_mitigation_mode": "defensive",
            "dns_name": "multi-az-vpc-dev-alb-69468450.us-east-1.elb.amazonaws.com",
            "dns_record_client_routing_policy": null,
            "drop_invalid_header_fields": false,
            "enable_cross_zone_load_balancing": true,
            "enable_deletion_protection": false,
            "enable_http2": true,
            "enable_tls_version_and_cipher_suite_headers": false,
            "enable_waf_fail_open": false,
            "enable_xff_client_port": false,
            "enable_zonal_shift": false,
            "enforce_security_group_inbound_rules_on_private_link_traffic": "",
            "id": "arn:aws:elasticloadbalancing:us-east-1:891612582051:loadbalancer/app/multi-az-vpc-dev-alb/644fbb6b489e545c",
            "idle_timeout": 60,
            "internal": false,
            "ip_address_type": "ipv4",
            "ipam_pools": [],
            "load_balancer_type": "application",
            "minimum_load_balancer_capacity": [],
            "name": "multi-az-vpc-dev-alb",
            "name_prefix": "",
            "preserve_host_header": false,
            "region": "us-east-1",
            "secondary_ips_auto_assigned_per_subnet": null,
            "security_groups": [
              "sg-006c8ba866d6b774a"
            ],
            "subnet_mapping": [
              {
                "allocation_id": "",
                "ipv6_address": "",
                "outpost_id": "",
                "private_ipv4_address": "",
                "subnet_id": "subnet-08160f8b963cee6dc"
              },
              {
                "allocation_id": "",
                "ipv6_address": "",
                "outpost_id": "",
                "private_ipv4_address": "",
                "subnet_id": "subnet-0c2c119a2d2cede8b"
              }
            ],
            "subnets": [
              "subnet-08160f8b963cee6dc",
              "subnet-0c2c119a2d2cede8b"
            ],
            "tags": {
              "Environment": "dev",
              "Name": "multi-az-vpc-dev-alb",
              "Project": "multi-az-vpc"
            },
            "tags_all": {
              "Environment": "dev",
              "Name": "multi-az-vpc-dev-alb",
              "Project": "multi-az-vpc"
            },
            "timeouts": null,
            "vpc_id": "vpc-010af611eca6c8550",
            "xff_header_processing_mode": "append",
            "zone_id": "Z35SXDOTRQ7X7K"
          },
          "sensitive_attributes": [],
          "private": "eyJlMmJmYjczMC1lY2FhLTExZTYtOGY4OC0zNDM2M2JjN2M0YzAiOnsiY3JlYXRlIjo2MDAwMDAwMDAwMDAsImRlbGV0ZSI6NjAwMDAwMDAwMDAwLCJ1cGRhdGUiOjYwMDAwMDAwMDAwMH19",
          "dependencies": [
            "module.alb.aws_security_group.alb",
            "module.vpc.aws_subnet.public",
            "module.vpc.aws_vpc.main"
          ]
        }
      ]
    },
    {
      "module": "module.alb",
      "mode": "managed",
      "type": "aws_lb_listener",
      "name": "http",
      "provider": "provider[\"registry.terraform.io/hashicorp/aws\"]",
      "instances": [
        {
          "schema_version": 0,
          "attributes": {
            "alpn_policy": null,
            "arn": "arn:aws:elasticloadbalancing:us-east-1:891612582051:listener/app/multi-az-vpc-dev-alb/644fbb6b489e545c/b773908298bbd731",
            "certificate_arn": null,
            "default_action": [
              {
                "authenticate_cognito": [],
                "authenticate_oidc": [],
                "fixed_response": [],
                "forward": [],
                "order": 1,
                "redirect": [],
                "target_group_arn": "arn:aws:elasticloadbalancing:us-east-1:891612582051:targetgroup/multi-az-vpc-dev-tg/4de6187a4b926905",
                "type": "forward"
              }
            ],
            "id": "arn:aws:elasticloadbalancing:us-east-1:891612582051:listener/app/multi-az-vpc-dev-alb/644fbb6b489e545c/b773908298bbd731",
            "load_balancer_arn": "arn:aws:elasticloadbalancing:us-east-1:891612582051:loadbalancer/app/multi-az-vpc-dev-alb/644fbb6b489e545c",
            "mutual_authentication": [],
            "port": 80,
            "protocol": "HTTP",
            "region": "us-east-1",
            "routing_http_request_x_amzn_mtls_clientcert_header_name": null,
            "routing_http_request_x_amzn_mtls_clientcert_issuer_header_name": null,
            "routing_http_request_x_amzn_mtls_clientcert_leaf_header_name": null,
            "routing_http_request_x_amzn_mtls_clientcert_serial_number_header_name": null,
            "routing_http_request_x_amzn_mtls_clientcert_subject_header_name": null,
            "routing_http_request_x_amzn_mtls_clientcert_validity_header_name": null,
            "routing_http_request_x_amzn_tls_cipher_suite_header_name": null,
            "routing_http_request_x_amzn_tls_version_header_name": null,
            "routing_http_response_access_control_allow_credentials_header_value": "",
            "routing_http_response_access_control_allow_headers_header_value": "",
            "routing_http_response_access_control_allow_methods_header_value": "",
            "routing_http_response_access_control_allow_origin_header_value": "",
            "routing_http_response_access_control_expose_headers_header_value": "",
            "routing_http_response_access_control_max_age_header_value": "",
            "routing_http_response_content_security_policy_header_value": "",
            "routing_http_response_server_enabled": true,
            "routing_http_response_strict_transport_security_header_value": "",
            "routing_http_response_x_content_type_options_header_value": "",
            "routing_http_response_x_frame_options_header_value": "",
            "ssl_policy": "",
            "tags": {
              "Environment": "dev",
              "Name": "multi-az-vpc-dev-http-listener",
              "Project": "multi-az-vpc"
            },
            "tags_all": {
              "Environment": "dev",
              "Name": "multi-az-vpc-dev-http-listener",
              "Project": "multi-az-vpc"
            },
            "tcp_idle_timeout_seconds": null,
            "timeouts": null
          },
          "sensitive_attributes": [],
          "private": "eyJlMmJmYjczMC1lY2FhLTExZTYtOGY4OC0zNDM2M2JjN2M0YzAiOnsiY3JlYXRlIjozMDAwMDAwMDAwMDAsInVwZGF0ZSI6MzAwMDAwMDAwMDAwfX0=",
          "dependencies": [
            "module.alb.aws_lb.main",
            "module.alb.aws_lb_target_group.main",
            "module.alb.aws_security_group.alb",
            "module.vpc.aws_subnet.public",
            "module.vpc.aws_vpc.main"
          ]
        }
      ]
    },
    {
      "module": "module.alb",
      "mode": "managed",
      "type": "aws_lb_target_group",
      "name": "main",
      "provider": "provider[\"registry.terraform.io/hashicorp/aws\"]",
      "instances": [
        {
          "schema_version": 0,
          "attributes": {
            "arn": "arn:aws:elasticloadbalancing:us-east-1:891612582051:targetgroup/multi-az-vpc-dev-tg/4de6187a4b926905",
            "arn_suffix": "targetgroup/multi-az-vpc-dev-tg/4de6187a4b926905",
            "connection_termination": null,
            "deregistration_delay": "300",
            "health_check": [
              {
                "enabled": true,
                "healthy_threshold": 3,
                "interval": 30,
                "matcher": "200",
                "path": "/",
                "port": "traffic-port",
                "protocol": "HTTP",
                "timeout": 5,
                "unhealthy_threshold": 3
              }
            ],
            "id": "arn:aws:elasticloadbalancing:us-east-1:891612582051:targetgroup/multi-az-vpc-dev-tg/4de6187a4b926905",
            "ip_address_type": "ipv4",
            "lambda_multi_value_headers_enabled": false,
            "load_balancer_arns": [
              "arn:aws:elasticloadbalancing:us-east-1:891612582051:loadbalancer/app/multi-az-vpc-dev-alb/644fbb6b489e545c"
            ],
            "load_balancing_algorithm_type": "round_robin",
            "load_balancing_anomaly_mitigation": "off",
            "load_balancing_cross_zone_enabled": "use_load_balancer_configuration",
            "name": "multi-az-vpc-dev-tg",
            "name_prefix": "",
            "port": 80,
            "preserve_client_ip": null,
            "protocol": "HTTP",
            "protocol_version": "HTTP1",
            "proxy_protocol_v2": false,
            "region": "us-east-1",
            "slow_start": 0,
            "stickiness": [
              {
                "cookie_duration": 86400,
                "cookie_name": "",
                "enabled": false,
                "type": "lb_cookie"
              }
            ],
            "tags": {
              "Environment": "dev",
              "Name": "multi-az-vpc-dev-tg",
              "Project": "multi-az-vpc"
            },
            "tags_all": {
              "Environment": "dev",
              "Name": "multi-az-vpc-dev-tg",
              "Project": "multi-az-vpc"
            },
            "target_failover": [
              {
                "on_deregistration": null,
                "on_unhealthy": null
              }
            ],
            "target_group_health": [
              {
                "dns_failover": [
                  {
                    "minimum_healthy_targets_count": "1",
                    "minimum_healthy_targets_percentage": "off"
                  }
                ],
                "unhealthy_state_routing": [
                  {
                    "minimum_healthy_targets_count": 1,
                    "minimum_healthy_targets_percentage": "off"
                  }
                ]
              }
            ],
            "target_health_state": [
              {
                "enable_unhealthy_connection_termination": null,
                "unhealthy_draining_interval": null
              }
            ],
            "target_type": "instance",
            "vpc_id": "vpc-010af611eca6c8550"
          },
          "sensitive_attributes": [],
          "private": "bnVsbA==",
          "dependencies": [
            "module.vpc.aws_vpc.main"
          ],
          "create_before_destroy": true
        }
      ]
    },
    {
      "module": "module.alb",
      "mode": "managed",
      "type": "aws_security_group",
      "name": "alb",
      "provider": "provider[\"registry.terraform.io/hashicorp/aws\"]",
      "instances": [
        {
          "schema_version": 1,
          "attributes": {
            "arn": "arn:aws:ec2:us-east-1:891612582051:security-group/sg-006c8ba866d6b774a",
            "description": "Managed by Terraform",
            "egress": [
              {
                "cidr_blocks": [
                  "0.0.0.0/0"
                ],
                "description": "",
                "from_port": 0,
                "ipv6_cidr_blocks": [],
                "prefix_list_ids": [],
                "protocol": "-1",
                "security_groups": [],
                "self": false,
                "to_port": 0
              }
            ],
            "id": "sg-006c8ba866d6b774a",
            "ingress": [
              {
                "cidr_blocks": [
                  "0.0.0.0/0"
                ],
                "description": "",
                "from_port": 80,
                "ipv6_cidr_blocks": [],
                "prefix_list_ids": [],
                "protocol": "tcp",
                "security_groups": [],
                "self": false,
                "to_port": 80
              }
            ],
            "name": "multi-az-vpc-dev-alb-20251015122948631600000002",
            "name_prefix": "multi-az-vpc-dev-alb-",
            "owner_id": "891612582051",
            "region": "us-east-1",
            "revoke_rules_on_delete": false,
            "tags": {
              "Environment": "dev",
              "Name": "multi-az-vpc-dev-alb-sg",
              "Project": "multi-az-vpc"
            },
            "tags_all": {
              "Environment": "dev",
              "Name": "multi-az-vpc-dev-alb-sg",
              "Project": "multi-az-vpc"
            },
            "timeouts": null,
            "vpc_id": "vpc-010af611eca6c8550"
          },
          "sensitive_attributes": [],
          "private": "eyJlMmJmYjczMC1lY2FhLTExZTYtOGY4OC0zNDM2M2JjN2M0YzAiOnsiY3JlYXRlIjo2MDAwMDAwMDAwMDAsImRlbGV0ZSI6OTAwMDAwMDAwMDAwfSwic2NoZW1hX3ZlcnNpb24iOiIxIn0=",
          "dependencies": [
            "module.vpc.aws_vpc.main"
          ],
          "create_before_destroy": true
        }
      ]
    },
    {
      "module": "module.autoscaling",
      "mode": "data",
      "type": "aws_ami",
      "name": "ubuntu",
      "provider": "provider[\"registry.terraform.io/hashicorp/aws\"]",
      "instances": [
        {
          "schema_version": 0,
          "attributes": {
            "allow_unsafe_filter": null,
            "architecture": "x86_64",
            "arn": "arn:aws:ec2:us-east-1::image/ami-0c398cb65a93047f2",
            "block_device_mappings": [
              {
                "device_name": "/dev/sda1",
                "ebs": {
                  "delete_on_termination": "true",
                  "encrypted": "false",
                  "iops": "0",
                  "snapshot_id": "snap-0631691c299b02084",
                  "throughput": "0",
                  "volume_initialization_rate": "0",
                  "volume_size": "8",
                  "volume_type": "gp2"
                },
                "no_device": "",
                "virtual_name": ""
              },
              {
                "device_name": "/dev/sdb",
                "ebs": {},
                "no_device": "",
                "virtual_name": "ephemeral0"
              },
              {
                "device_name": "/dev/sdc",
                "ebs": {},
                "no_device": "",
                "virtual_name": "ephemeral1"
              }
            ],
            "boot_mode": "uefi-preferred",
            "creation_date": "2025-10-15T08:05:51.000Z",
            "deprecation_time": "2027-10-15T08:05:51.000Z",
            "description": "Canonical, Ubuntu, 22.04, amd64 jammy image",
            "ena_support": true,
            "executable_users": null,
            "filter": [
              {
                "name": "name",
                "values": [
                  "ubuntu/images/hvm-ssd/ubuntu-jammy-22.04-amd64-server-*"
                ]
              },
              {
                "name": "virtualization-type",
                "values": [
                  "hvm"
                ]
              }
            ],
            "hypervisor": "xen",
            "id": "ami-0c398cb65a93047f2",
            "image_id": "ami-0c398cb65a93047f2",
            "image_location": "amazon/ubuntu/images/hvm-ssd/ubuntu-jammy-22.04-amd64-server-20251015",
            "image_owner_alias": "amazon",
            "image_type": "machine",
            "imds_support": "",
            "include_deprecated": false,
            "kernel_id": "",
            "last_launched_time": "",
            "most_recent": true,
            "name": "ubuntu/images/hvm-ssd/ubuntu-jammy-22.04-amd64-server-20251015",
            "name_regex": null,
            "owner_id": "099720109477",
            "owners": [
              "099720109477"
            ],
            "platform": "",
            "platform_details": "Linux/UNIX",
            "product_codes": [],
            "public": true,
            "ramdisk_id": "",
            "region": "us-east-1",
            "root_device_name": "/dev/sda1",
            "root_device_type": "ebs",
            "root_snapshot_id": "snap-0631691c299b02084",
            "sriov_net_support": "simple",
            "state": "available",
            "state_reason": {
              "code": "UNSET",
              "message": "UNSET"
            },
            "tags": {},
            "timeouts": null,
            "tpm_support": "",
            "uefi_data": null,
            "usage_operation": "RunInstances",
            "virtualization_type": "hvm"
          },
          "sensitive_attributes": []
        }
      ]
    },
    {
      "module": "module.autoscaling",
      "mode": "managed",
      "type": "aws_autoscaling_group",
      "name": "main",
      "provider": "provider[\"registry.terraform.io/hashicorp/aws\"]",
      "instances": [
        {
          "schema_version": 1,
          "attributes": {
            "arn": "arn:aws:autoscaling:us-east-1:891612582051:autoScalingGroup:259aa776-617c-4e94-8f34-4117945565d9:autoScalingGroupName/multi-az-vpc-dev-asg",
            "availability_zone_distribution": [
              {
                "capacity_distribution_strategy": "balanced-best-effort"
              }
            ],
            "availability_zones": [
              "us-east-1a",
              "us-east-1b"
            ],
            "capacity_rebalance": false,
            "capacity_reservation_specification": [
              {
                "capacity_reservation_preference": "default",
                "capacity_reservation_target": []
              }
            ],
            "context": "",
            "default_cooldown": 300,
            "default_instance_warmup": 0,
            "desired_capacity": 2,
            "desired_capacity_type": "",
            "enabled_metrics": [],
            "force_delete": false,
            "force_delete_warm_pool": false,
            "health_check_grace_period": 300,
            "health_check_type": "EC2",
            "id": "multi-az-vpc-dev-asg",
            "ignore_failed_scaling_activities": false,
            "initial_lifecycle_hook": [],
            "instance_maintenance_policy": [],
            "instance_refresh": [],
            "launch_configuration": "",
            "launch_template": [
              {
                "id": "lt-040909be151cfe0c5",
                "name": "multi-az-vpc-dev-20251015122955840400000006",
                "version": "$Latest"
              }
            ],
            "load_balancers": [],
            "max_instance_lifetime": 0,
            "max_size": 6,
            "metrics_granularity": "1Minute",
            "min_elb_capacity": null,
            "min_size": 2,
            "mixed_instances_policy": [],
            "name": "multi-az-vpc-dev-asg",
            "name_prefix": "",
            "placement_group": "",
            "predicted_capacity": 0,
            "protect_from_scale_in": false,
            "region": "us-east-1",
            "service_linked_role_arn": "arn:aws:iam::891612582051:role/aws-service-role/autoscaling.amazonaws.com/AWSServiceRoleForAutoScaling",
            "suspended_processes": [],
            "tag": [
              {
                "key": "Environment",
                "propagate_at_launch": true,
                "value": "dev"
              },
              {
                "key": "Name",
                "propagate_at_launch": true,
                "value": "multi-az-vpc-dev-instance"
              },
              {
                "key": "Project",
                "propagate_at_launch": true,
                "value": "multi-az-vpc"
              }
            ],
            "target_group_arns": [
              "arn:aws:elasticloadbalancing:us-east-1:891612582051:targetgroup/multi-az-vpc-dev-tg/4de6187a4b926905"
            ],
            "termination_policies": [],
            "timeouts": null,
            "traffic_source": [
              {
                "identifier": "arn:aws:elasticloadbalancing:us-east-1:891612582051:targetgroup/multi-az-vpc-dev-tg/4de6187a4b926905",
                "type": "elbv2"
              }
            ],
            "vpc_zone_identifier": [
              "subnet-01920710151dc9206",
              "subnet-0ff68d312969fca17"
            ],
            "wait_for_capacity_timeout": "10m",
            "wait_for_elb_capacity": null,
            "warm_pool": [],
            "warm_pool_size": 0
          },
          "sensitive_attributes": [],
          "private": "eyJlMmJmYjczMC1lY2FhLTExZTYtOGY4OC0zNDM2M2JjN2M0YzAiOnsiZGVsZXRlIjo2MDAwMDAwMDAwMDAsInVwZGF0ZSI6NjAwMDAwMDAwMDAwfSwic2NoZW1hX3ZlcnNpb24iOiIxIn0=",
          "dependencies": [
            "module.alb.aws_lb_target_group.main",
            "module.autoscaling.aws_iam_instance_profile.instance",
            "module.autoscaling.aws_iam_role.instance",
            "module.autoscaling.aws_launch_template.main",
            "module.autoscaling.aws_security_group.instance",
            "module.autoscaling.data.aws_ami.ubuntu",
            "module.vpc.aws_subnet.private",
            "module.vpc.aws_vpc.main"
          ],
          "create_before_destroy": true
        }
      ]
    },
    {
      "module": "module.autoscaling",
      "mode": "managed",
      "type": "aws_autoscaling_policy",
      "name": "scale_in",
      "provider": "provider[\"registry.terraform.io/hashicorp/aws\"]",
      "instances": [
        {
          "schema_version": 0,
          "attributes": {
            "adjustment_type": "ChangeInCapacity",
            "arn": "arn:aws:autoscaling:us-east-1:891612582051:scalingPolicy:b0d15ffc-6138-492e-a25f-2200d876d544:autoScalingGroupName/multi-az-vpc-dev-asg:policyName/multi-az-vpc-dev-scale-in",
            "autoscaling_group_name": "multi-az-vpc-dev-asg",
            "cooldown": 300,
            "enabled": true,
            "estimated_instance_warmup": 0,
            "id": "multi-az-vpc-dev-scale-in",
            "metric_aggregation_type": "",
            "min_adjustment_magnitude": 0,
            "name": "multi-az-vpc-dev-scale-in",
            "policy_type": "SimpleScaling",
            "predictive_scaling_configuration": [],
            "region": "us-east-1",
            "scaling_adjustment": -1,
            "step_adjustment": [],
            "target_tracking_configuration": []
          },
          "sensitive_attributes": [],
          "private": "bnVsbA==",
          "dependencies": [
            "module.alb.aws_lb_target_group.main",
            "module.autoscaling.aws_autoscaling_group.main",
            "module.autoscaling.aws_iam_instance_profile.instance",
            "module.autoscaling.aws_iam_role.instance",
            "module.autoscaling.aws_launch_template.main",
            "module.autoscaling.aws_security_group.instance",
            "module.autoscaling.data.aws_ami.ubuntu",
            "module.vpc.aws_subnet.private",
            "module.vpc.aws_vpc.main"
          ]
        }
      ]
    },
    {
      "module": "module.autoscaling",
      "mode": "managed",
      "type": "aws_autoscaling_policy",
      "name": "scale_out",
      "provider": "provider[\"registry.terraform.io/hashicorp/aws\"]",
      "instances": [
        {
          "schema_version": 0,
          "attributes": {
            "adjustment_type": "ChangeInCapacity",
            "arn": "arn:aws:autoscaling:us-east-1:891612582051:scalingPolicy:8481f772-a32c-478d-ab38-e2f9d1e07985:autoScalingGroupName/multi-az-vpc-dev-asg:policyName/multi-az-vpc-dev-scale-out",
            "autoscaling_group_name": "multi-az-vpc-dev-asg",
            "cooldown": 300,
            "enabled": true,
            "estimated_instance_warmup": 0,
            "id": "multi-az-vpc-dev-scale-out",
            "metric_aggregation_type": "",
            "min_adjustment_magnitude": 0,
            "name": "multi-az-vpc-dev-scale-out",
            "policy_type": "SimpleScaling",
            "predictive_scaling_configuration": [],
            "region": "us-east-1",
            "scaling_adjustment": 1,
            "step_adjustment": [],
            "target_tracking_configuration": []
          },
          "sensitive_attributes": [],
          "private": "bnVsbA==",
          "dependencies": [
            "module.alb.aws_lb_target_group.main",
            "module.autoscaling.aws_autoscaling_group.main",
            "module.autoscaling.aws_iam_instance_profile.instance",
            "module.autoscaling.aws_iam_role.instance",
            "module.autoscaling.aws_launch_template.main",
            "module.autoscaling.aws_security_group.instance",
            "module.autoscaling.data.aws_ami.ubuntu",
            "module.vpc.aws_subnet.private",
            "module.vpc.aws_vpc.main"
          ]
        }
      ]
    },
    {
      "module": "module.autoscaling",
      "mode": "managed",
      "type": "aws_cloudwatch_metric_alarm",
      "name": "cpu_high",
      "provider": "provider[\"registry.terraform.io/hashicorp/aws\"]",
      "instances": [
        {
          "schema_version": 1,
          "attributes": {
            "actions_enabled": true,
            "alarm_actions": [
              "arn:aws:autoscaling:us-east-1:891612582051:scalingPolicy:8481f772-a32c-478d-ab38-e2f9d1e07985:autoScalingGroupName/multi-az-vpc-dev-asg:policyName/multi-az-vpc-dev-scale-out"
            ],
            "alarm_description": "Scale out if CPU \u003e 80% for 5 minutes",
            "alarm_name": "multi-az-vpc-dev-cpu-high",
            "arn": "arn:aws:cloudwatch:us-east-1:891612582051:alarm:multi-az-vpc-dev-cpu-high",
            "comparison_operator": "GreaterThanThreshold",
            "datapoints_to_alarm": 0,
            "dimensions": {
              "AutoScalingGroupName": "multi-az-vpc-dev-asg"
            },
            "evaluate_low_sample_count_percentiles": "",
            "evaluation_periods": 3,
            "extended_statistic": "",
            "id": "multi-az-vpc-dev-cpu-high",
            "insufficient_data_actions": [],
            "metric_name": "CPUUtilization",
            "metric_query": [],
            "namespace": "AWS/EC2",
            "ok_actions": [],
            "period": 300,
            "region": "us-east-1",
            "statistic": "Average",
            "tags": {
              "Environment": "dev",
              "Name": "multi-az-vpc-dev-cpu-high-alarm",
              "Project": "multi-az-vpc"
            },
            "tags_all": {
              "Environment": "dev",
              "Name": "multi-az-vpc-dev-cpu-high-alarm",
              "Project": "multi-az-vpc"
            },
            "threshold": 80,
            "threshold_metric_id": "",
            "treat_missing_data": "missing",
            "unit": ""
          },
          "sensitive_attributes": [],
          "private": "eyJzY2hlbWFfdmVyc2lvbiI6IjEifQ==",
          "dependencies": [
            "module.alb.aws_lb_target_group.main",
            "module.autoscaling.aws_autoscaling_group.main",
            "module.autoscaling.aws_autoscaling_policy.scale_out",
            "module.autoscaling.aws_iam_instance_profile.instance",
            "module.autoscaling.aws_iam_role.instance",
            "module.autoscaling.aws_launch_template.main",
            "module.autoscaling.aws_security_group.instance",
            "module.autoscaling.data.aws_ami.ubuntu",
            "module.vpc.aws_subnet.private",
            "module.vpc.aws_vpc.main"
          ]
        }
      ]
    },
    {
      "module": "module.autoscaling",
      "mode": "managed",
      "type": "aws_cloudwatch_metric_alarm",
      "name": "cpu_low",
      "provider": "provider[\"registry.terraform.io/hashicorp/aws\"]",
      "instances": [
        {
          "schema_version": 1,
          "attributes": {
            "actions_enabled": true,
            "alarm_actions": [
              "arn:aws:autoscaling:us-east-1:891612582051:scalingPolicy:b0d15ffc-6138-492e-a25f-2200d876d544:autoScalingGroupName/multi-az-vpc-dev-asg:policyName/multi-az-vpc-dev-scale-in"
            ],
            "alarm_description": "Scale in if CPU \u003c 45% for 10 minutes",
            "alarm_name": "multi-az-vpc-dev-cpu-low",
            "arn": "arn:aws:cloudwatch:us-east-1:891612582051:alarm:multi-az-vpc-dev-cpu-low",
            "comparison_operator": "LessThanThreshold",
            "datapoints_to_alarm": 0,
            "dimensions": {
              "AutoScalingGroupName": "multi-az-vpc-dev-asg"
            },
            "evaluate_low_sample_count_percentiles": "",
            "evaluation_periods": 3,
            "extended_statistic": "",
            "id": "multi-az-vpc-dev-cpu-low",
            "insufficient_data_actions": [],
            "metric_name": "CPUUtilization",
            "metric_query": [],
            "namespace": "AWS/EC2",
            "ok_actions": [],
            "period": 300,
            "region": "us-east-1",
            "statistic": "Average",
            "tags": {
              "Environment": "dev",
              "Name": "multi-az-vpc-dev-cpu-low-alarm",
              "Project": "multi-az-vpc"
            },
            "tags_all": {
              "Environment": "dev",
              "Name": "multi-az-vpc-dev-cpu-low-alarm",
              "Project": "multi-az-vpc"
            },
            "threshold": 45,
            "threshold_metric_id": "",
            "treat_missing_data": "missing",
            "unit": ""
          },
          "sensitive_attributes": [],
          "private": "eyJzY2hlbWFfdmVyc2lvbiI6IjEifQ==",
          "dependencies": [
            "module.alb.aws_lb_target_group.main",
            "module.autoscaling.aws_autoscaling_group.main",
            "module.autoscaling.aws_autoscaling_policy.scale_in",
            "module.autoscaling.aws_iam_instance_profile.instance",
            "module.autoscaling.aws_iam_role.instance",
            "module.autoscaling.aws_launch_template.main",
            "module.autoscaling.aws_security_group.instance",
            "module.autoscaling.data.aws_ami.ubuntu",
            "module.vpc.aws_subnet.private",
            "module.vpc.aws_vpc.main"
          ]
        }
      ]
    },
    {
      "module": "module.autoscaling",
      "mode": "managed",
      "type": "aws_iam_instance_profile",
      "name": "instance",
      "provider": "provider[\"registry.terraform.io/hashicorp/aws\"]",
      "instances": [
        {
          "schema_version": 0,
          "attributes": {
            "arn": "arn:aws:iam::891612582051:instance-profile/multi-az-vpc-dev-instance-profile",
            "create_date": "2025-10-15T12:29:36Z",
            "id": "multi-az-vpc-dev-instance-profile",
            "name": "multi-az-vpc-dev-instance-profile",
            "name_prefix": "",
            "path": "/",
            "role": "multi-az-vpc-dev-instance-role",
            "tags": {},
            "tags_all": {},
            "unique_id": "AIPA47GCAKCRZRCPZDTMY"
          },
          "sensitive_attributes": [],
          "private": "bnVsbA==",
          "dependencies": [
            "module.autoscaling.aws_iam_role.instance"
          ],
          "create_before_destroy": true
        }
      ]
    },
    {
      "module": "module.autoscaling",
      "mode": "managed",
      "type": "aws_iam_role",
      "name": "instance",
      "provider": "provider[\"registry.terraform.io/hashicorp/aws\"]",
      "instances": [
        {
          "schema_version": 0,
          "attributes": {
            "arn": "arn:aws:iam::891612582051:role/multi-az-vpc-dev-instance-role",
            "assume_role_policy": "{\"Statement\":[{\"Action\":\"sts:AssumeRole\",\"Effect\":\"Allow\",\"Principal\":{\"Service\":\"ec2.amazonaws.com\"}}],\"Version\":\"2012-10-17\"}",
            "create_date": "2025-10-15T12:29:35Z",
            "description": "",
            "force_detach_policies": false,
            "id": "multi-az-vpc-dev-instance-role",
            "inline_policy": [
              {
                "name": "multi-az-vpc-dev-instance-policy",
                "policy": "{\"Version\":\"2012-10-17\",\"Statement\":[{\"Action\":[\"cloudwatch:PutMetricData\",\"ec2:DescribeVolumes\",\"ec2:DescribeTags\",\"logs:PutLogEvents\",\"logs:DescribeLogStreams\",\"logs:DescribeLogGroups\",\"logs:CreateLogStream\",\"logs:CreateLogGroup\"],\"Effect\":\"Allow\",\"Resource\":\"*\"}]}"
              }
            ],
            "managed_policy_arns": [],
            "max_session_duration": 3600,
            "name": "multi-az-vpc-dev-instance-role",
            "name_prefix": "",
            "path": "/",
            "permissions_boundary": "",
            "tags": {
              "Environment": "dev",
              "Name": "multi-az-vpc-dev-instance-role",
              "Project": "multi-az-vpc"
            },
            "tags_all": {
              "Environment": "dev",
              "Name": "multi-az-vpc-dev-instance-role",
              "Project": "multi-az-vpc"
            },
            "unique_id": "AROA47GCAKCR3QFC7WKQL"
          },
          "sensitive_attributes": [],
          "private": "bnVsbA==",
          "create_before_destroy": true
        }
      ]
    },
    {
      "module": "module.autoscaling",
      "mode": "managed",
      "type": "aws_iam_role_policy",
      "name": "instance",
      "provider": "provider[\"registry.terraform.io/hashicorp/aws\"]",
      "instances": [
        {
          "schema_version": 0,
          "attributes": {
            "id": "multi-az-vpc-dev-instance-role:multi-az-vpc-dev-instance-policy",
            "name": "multi-az-vpc-dev-instance-policy",
            "name_prefix": "",
            "policy": "{\"Version\":\"2012-10-17\",\"Statement\":[{\"Action\":[\"cloudwatch:PutMetricData\",\"ec2:DescribeVolumes\",\"ec2:DescribeTags\",\"logs:PutLogEvents\",\"logs:DescribeLogStreams\",\"logs:DescribeLogGroups\",\"logs:CreateLogStream\",\"logs:CreateLogGroup\"],\"Effect\":\"Allow\",\"Resource\":\"*\"}]}",
            "role": "multi-az-vpc-dev-instance-role"
          },
          "sensitive_attributes": [],
          "private": "bnVsbA==",
          "dependencies": [
            "module.autoscaling.aws_iam_role.instance"
          ]
        }
      ]
    },
    {
      "module": "module.autoscaling",
      "mode": "managed",
      "type": "aws_launch_template",
      "name": "main",
      "provider": "provider[\"registry.terraform.io/hashicorp/aws\"]",
      "instances": [
        {
          "schema_version": 1,
          "attributes": {
            "arn": "arn:aws:ec2:us-east-1:891612582051:launch-template/lt-040909be151cfe0c5",
            "block_device_mappings": [],
            "capacity_reservation_specification": [],
            "cpu_options": [],
            "credit_specification": [],
            "default_version": 1,
            "description": "",
            "disable_api_stop": false,
            "disable_api_termination": false,
            "ebs_optimized": "",
            "enclave_options": [],
            "hibernation_options": [],
            "iam_instance_profile": [
              {
                "arn": "",
                "name": "multi-az-vpc-dev-instance-profile"
              }
            ],
            "id": "lt-040909be151cfe0c5",
            "image_id": "ami-0c398cb65a93047f2",
            "instance_initiated_shutdown_behavior": "",
            "instance_market_options": [],
            "instance_requirements": [],
            "instance_type": "t3.micro",
            "kernel_id": "",
            "key_name": "",
            "latest_version": 2,
            "license_specification": [],
            "maintenance_options": [],
            "metadata_options": [],
            "monitoring": [],
            "name": "multi-az-vpc-dev-20251015122955840400000006",
            "name_prefix": "multi-az-vpc-dev-",
            "network_interfaces": [],
            "placement": [],
            "private_dns_name_options": [],
            "ram_disk_id": "",
            "region": "us-east-1",
            "security_group_names": [],
            "tag_specifications": [
              {
                "resource_type": "instance",
                "tags": {
                  "Environment": "dev",
                  "Name": "multi-az-vpc-dev-instance",
                  "Project": "multi-az-vpc"
                }
              },
              {
                "resource_type": "volume",
                "tags": {
                  "Environment": "dev",
                  "Name": "multi-az-vpc-dev-volume",
                  "Project": "multi-az-vpc"
                }
              }
            ],
            "tags": {},
            "tags_all": {},
            "update_default_version": null,
            "user_data": "IyEvYmluL2Jhc2gKYXB0LWdldCB1cGRhdGUKYXB0LWdldCBpbnN0YWxsIC15IG5naW54CnN5c3RlbWN0bCBzdGFydCBuZ2lueApzeXN0ZW1jdGwgZW5hYmxlIG5naW54CiMgQ3JlYXRlIGEgc2ltcGxlIGluZGV4Lmh0bWwgcGFnZQplY2hvICI8aHRtbD48Ym9keT48aDE+SGVsbG8gZnJvbSAkKGhvc3RuYW1lIC1mKTwvaDE+PHA+VGhpcyBwYWdlIGlzIHNlcnZlZCBieSBOZ2lueCBvbiBhbiBFQzIgaW5zdGFuY2UgaW4gdGhlIEF1dG9TY2FsaW5nIEdyb3VwPC9wPjwvYm9keT48L2h0bWw+IiA+IC92YXIvd3d3L2h0bWwvaW5kZXguaHRtbAo=",
            "vpc_security_group_ids": [
              "sg-064bad99095d44c7d"
            ]
          },
          "sensitive_attributes": [],
          "private": "eyJzY2hlbWFfdmVyc2lvbiI6IjEifQ==",
          "dependencies": [
            "module.autoscaling.aws_iam_instance_profile.instance",
            "module.autoscaling.aws_iam_role.instance",
            "module.autoscaling.aws_security_group.instance",
            "module.autoscaling.data.aws_ami.ubuntu",
            "module.vpc.aws_vpc.main"
          ],
          "create_before_destroy": true
        }
      ]
    },
    {
      "module": "module.autoscaling",
      "mode": "managed",
      "type": "aws_security_group",
      "name": "instance",
      "provider": "provider[\"registry.terraform.io/hashicorp/aws\"]",
      "instances": [
        {
          "schema_version": 1,
          "attributes": {
            "arn": "arn:aws:ec2:us-east-1:891612582051:security-group/sg-064bad99095d44c7d",
            "description": "Managed by Terraform",
            "egress": [
              {
                "cidr_blocks": [
                  "0.0.0.0/0"
                ],
                "description": "",
                "from_port": 0,
                "ipv6_cidr_blocks": [],
                "prefix_list_ids": [],
                "protocol": "-1",
                "security_groups": [],
                "self": false,
                "to_port": 0
              }
            ],
            "id": "sg-064bad99095d44c7d",
            "ingress": [
              {
                "cidr_blocks": [
                  "0.0.0.0/0"
                ],
                "description": "",
                "from_port": 22,
                "ipv6_cidr_blocks": [],
                "prefix_list_ids": [],
                "protocol": "tcp",
                "security_groups": [],
                "self": false,
                "to_port": 22
              },
              {
                "cidr_blocks": [
                  "0.0.0.0/0"
                ],
                "description": "",
                "from_port": 443,
                "ipv6_cidr_blocks": [],
                "prefix_list_ids": [],
                "protocol": "tcp",
                "security_groups": [],
                "self": false,
                "to_port": 443
              },
              {
                "cidr_blocks": [
                  "0.0.0.0/0"
                ],
                "description": "",
                "from_port": 80,
                "ipv6_cidr_blocks": [],
                "prefix_list_ids": [],
                "protocol": "tcp",
                "security_groups": [],
                "self": false,
                "to_port": 80
              }
            ],
            "name": "multi-az-vpc-dev-instance-20251015122948634500000004",
            "name_prefix": "multi-az-vpc-dev-instance-",
            "owner_id": "891612582051",
            "region": "us-east-1",
            "revoke_rules_on_delete": false,
            "tags": {
              "Environment": "dev",
              "Name": "multi-az-vpc-dev-instance-sg",
              "Project": "multi-az-vpc"
            },
            "tags_all": {
              "Environment": "dev",
              "Name": "multi-az-vpc-dev-instance-sg",
              "Project": "multi-az-vpc"
            },
            "timeouts": null,
            "vpc_id": "vpc-010af611eca6c8550"
          },
          "sensitive_attributes": [],
          "private": "eyJlMmJmYjczMC1lY2FhLTExZTYtOGY4OC0zNDM2M2JjN2M0YzAiOnsiY3JlYXRlIjo2MDAwMDAwMDAwMDAsImRlbGV0ZSI6OTAwMDAwMDAwMDAwfSwic2NoZW1hX3ZlcnNpb24iOiIxIn0=",
          "dependencies": [
            "module.vpc.aws_vpc.main"
          ],
          "create_before_destroy": true
        }
      ]
    },
    {
      "module": "module.rds",
      "mode": "managed",
      "type": "aws_db_instance",
      "name": "main",
      "provider": "provider[\"registry.terraform.io/hashicorp/aws\"]",
      "instances": [
        {
          "schema_version": 2,
          "attributes": {
            "address": "multi-az-vpc-dev-db.cc3w0qkyopxz.us-east-1.rds.amazonaws.com",
            "allocated_storage": 20,
            "allow_major_version_upgrade": null,
            "apply_immediately": false,
            "arn": "arn:aws:rds:us-east-1:891612582051:db:multi-az-vpc-dev-db",
            "auto_minor_version_upgrade": true,
            "availability_zone": "us-east-1b",
            "backup_retention_period": 7,
            "backup_target": "region",
            "backup_window": "03:00-04:00",
            "blue_green_update": [],
            "ca_cert_identifier": "rds-ca-rsa2048-g1",
            "character_set_name": "",
            "copy_tags_to_snapshot": false,
            "custom_iam_instance_profile": "",
            "customer_owned_ip_enabled": false,
            "database_insights_mode": "standard",
            "db_name": "myapp",
            "db_subnet_group_name": "multi-az-vpc-dev-subnet-group",
            "dedicated_log_volume": false,
            "delete_automated_backups": true,
            "deletion_protection": false,
            "domain": "",
            "domain_auth_secret_arn": "",
            "domain_dns_ips": [],
            "domain_fqdn": "",
            "domain_iam_role_name": "",
            "domain_ou": "",
            "enabled_cloudwatch_logs_exports": [],
            "endpoint": "multi-az-vpc-dev-db.cc3w0qkyopxz.us-east-1.rds.amazonaws.com:5432",
            "engine": "postgres",
            "engine_lifecycle_support": "open-source-rds-extended-support",
            "engine_version": "17.2",
            "engine_version_actual": "17.2",
            "final_snapshot_identifier": "multi-az-vpc-dev-final-snapshot-2025-10-15-1435",
            "hosted_zone_id": "Z2R2ITUGPM61AM",
            "iam_database_authentication_enabled": false,
            "id": "db-X5NR3VXWFYJ5Z4AXRWCEJIZR5M",
            "identifier": "multi-az-vpc-dev-db",
            "identifier_prefix": "",
            "instance_class": "db.t3.micro",
            "iops": 3000,
            "kms_key_id": "arn:aws:kms:us-east-1:891612582051:key/d62ed7e0-cfb9-4d5c-a414-38c7209d147c",
            "latest_restorable_time": "2025-10-15T14:30:42Z",
            "license_model": "postgresql-license",
            "listener_endpoint": [],
            "maintenance_window": "sun:04:00-sun:05:00",
            "manage_master_user_password": null,
            "master_user_secret": [],
            "master_user_secret_kms_key_id": null,
            "max_allocated_storage": 100,
            "monitoring_interval": 60,
            "monitoring_role_arn": "arn:aws:iam::891612582051:role/multi-az-vpc-dev-rds-enhanced-monitoring",
            "multi_az": true,
            "nchar_character_set_name": "",
            "network_type": "IPV4",
            "option_group_name": "default:postgres-17",
            "parameter_group_name": "default.postgres17",
            "password": "Z7S6Nmr0!#u359bQ",
            "password_wo": null,
            "password_wo_version": null,
            "performance_insights_enabled": false,
            "performance_insights_kms_key_id": "",
            "performance_insights_retention_period": 0,
            "port": 5432,
            "publicly_accessible": false,
            "region": "us-east-1",
            "replica_mode": "",
            "replicas": [],
            "replicate_source_db": "",
            "resource_id": "db-X5NR3VXWFYJ5Z4AXRWCEJIZR5M",
            "restore_to_point_in_time": [],
            "s3_import": [],
            "skip_final_snapshot": true,
            "snapshot_identifier": null,
            "status": "available",
            "storage_encrypted": true,
            "storage_throughput": 125,
            "storage_type": "gp3",
            "tags": {
              "Environment": "dev",
              "Name": "multi-az-vpc-dev-db",
              "Project": "multi-az-vpc"
            },
            "tags_all": {
              "Environment": "dev",
              "Name": "multi-az-vpc-dev-db",
              "Project": "multi-az-vpc"
            },
            "timeouts": null,
            "timezone": "",
            "upgrade_storage_config": null,
            "username": "postgres",
            "vpc_security_group_ids": [
              "sg-0d033a360b73ac2de"
            ]
          },
          "sensitive_attributes": [
            [
              {
                "type": "get_attr",
                "value": "password"
              }
            ]
          ],
          "private": "eyJlMmJmYjczMC1lY2FhLTExZTYtOGY4OC0zNDM2M2JjN2M0YzAiOnsiY3JlYXRlIjozMDAwMDAwMDAwMDAwLCJkZWxldGUiOjM2MDAwMDAwMDAwMDAsInVwZGF0ZSI6NDgwMDAwMDAwMDAwMH0sInNjaGVtYV92ZXJzaW9uIjoiMiJ9",
          "dependencies": [
            "module.rds.aws_db_subnet_group.main",
            "module.rds.aws_iam_role.rds_enhanced_monitoring",
            "module.rds.aws_security_group.rds",
            "module.rds.random_password.password"
          ]
        }
      ]
    },
    {
      "module": "module.rds",
      "mode": "managed",
      "type": "aws_db_instance",
      "name": "read_replica",
      "provider": "provider[\"registry.terraform.io/hashicorp/aws\"]",
      "instances": [
        {
          "index_key": 0,
          "schema_version": 2,
          "attributes": {
            "address": "multi-az-vpc-dev-db-read-replica.cc3w0qkyopxz.us-east-1.rds.amazonaws.com",
            "allocated_storage": 20,
            "allow_major_version_upgrade": null,
            "apply_immediately": false,
            "arn": "arn:aws:rds:us-east-1:891612582051:db:multi-az-vpc-dev-db-read-replica",
            "auto_minor_version_upgrade": true,
            "availability_zone": "us-east-1b",
            "backup_retention_period": 0,
            "backup_target": "region",
            "backup_window": "03:00-04:00",
            "blue_green_update": [],
            "ca_cert_identifier": "rds-ca-rsa2048-g1",
            "character_set_name": "",
            "copy_tags_to_snapshot": false,
            "custom_iam_instance_profile": "",
            "customer_owned_ip_enabled": false,
            "database_insights_mode": "standard",
            "db_name": "myapp",
            "db_subnet_group_name": "multi-az-vpc-dev-subnet-group",
            "dedicated_log_volume": false,
            "delete_automated_backups": true,
            "deletion_protection": false,
            "domain": "",
            "domain_auth_secret_arn": "",
            "domain_dns_ips": null,
            "domain_fqdn": "",
            "domain_iam_role_name": "",
            "domain_ou": "",
            "enabled_cloudwatch_logs_exports": null,
            "endpoint": "multi-az-vpc-dev-db-read-replica.cc3w0qkyopxz.us-east-1.rds.amazonaws.com:5432",
            "engine": "postgres",
            "engine_lifecycle_support": "open-source-rds-extended-support",
            "engine_version": "17.2",
            "engine_version_actual": "17.2",
            "final_snapshot_identifier": null,
            "hosted_zone_id": "Z2R2ITUGPM61AM",
            "iam_database_authentication_enabled": false,
            "id": "db-U4CJNJTKXKEJZB7MSRUPEP2RLE",
            "identifier": "multi-az-vpc-dev-db-read-replica",
            "identifier_prefix": "",
            "instance_class": "db.t3.micro",
            "iops": 3000,
            "kms_key_id": "arn:aws:kms:us-east-1:891612582051:key/d62ed7e0-cfb9-4d5c-a414-38c7209d147c",
            "latest_restorable_time": "",
            "license_model": "postgresql-license",
            "listener_endpoint": [],
            "maintenance_window": "sun:04:00-sun:05:00",
            "manage_master_user_password": null,
            "master_user_secret": [],
            "master_user_secret_kms_key_id": null,
            "max_allocated_storage": 100,
            "monitoring_interval": 0,
            "monitoring_role_arn": "",
            "multi_az": false,
            "nchar_character_set_name": "",
            "network_type": "IPV4",
            "option_group_name": "default:postgres-17",
            "parameter_group_name": "default.postgres17",
            "password": null,
            "password_wo": null,
            "password_wo_version": null,
            "performance_insights_enabled": false,
            "performance_insights_kms_key_id": "",
            "performance_insights_retention_period": 0,
            "port": 5432,
            "publicly_accessible": false,
            "region": "us-east-1",
            "replica_mode": "",
            "replicas": [],
            "replicate_source_db": "arn:aws:rds:us-east-1:891612582051:db:multi-az-vpc-dev-db",
            "resource_id": "db-U4CJNJTKXKEJZB7MSRUPEP2RLE",
            "restore_to_point_in_time": [],
            "s3_import": [],
            "skip_final_snapshot": true,
            "snapshot_identifier": null,
            "status": "available",
            "storage_encrypted": true,
            "storage_throughput": 125,
            "storage_type": "gp3",
            "tags": {
              "Environment": "dev",
              "Name": "multi-az-vpc-dev-db-read-replica",
              "Project": "multi-az-vpc",
              "Type": "ReadReplica"
            },
            "tags_all": {
              "Environment": "dev",
              "Name": "multi-az-vpc-dev-db-read-replica",
              "Project": "multi-az-vpc",
              "Type": "ReadReplica"
            },
            "timeouts": null,
            "timezone": "",
            "upgrade_storage_config": null,
            "username": "postgres",
            "vpc_security_group_ids": [
              "sg-0d033a360b73ac2de"
            ]
          },
          "sensitive_attributes": [],
          "private": "eyJlMmJmYjczMC1lY2FhLTExZTYtOGY4OC0zNDM2M2JjN2M0YzAiOnsiY3JlYXRlIjozMDAwMDAwMDAwMDAwLCJkZWxldGUiOjM2MDAwMDAwMDAwMDAsInVwZGF0ZSI6NDgwMDAwMDAwMDAwMH0sInNjaGVtYV92ZXJzaW9uIjoiMiJ9",
          "dependencies": [
            "module.rds.aws_db_instance.main",
            "module.rds.aws_db_subnet_group.main",
            "module.rds.aws_iam_role.rds_enhanced_monitoring",
            "module.rds.aws_security_group.rds",
            "module.rds.random_password.password",
            "module.rds.time_sleep.wait_for_main_db"
          ]
        }
      ]
    },
    {
      "module": "module.rds",
      "mode": "managed",
      "type": "aws_db_subnet_group",
      "name": "main",
      "provider": "provider[\"registry.terraform.io/hashicorp/aws\"]",
      "instances": [
        {
          "schema_version": 0,
          "attributes": {
            "arn": "arn:aws:rds:us-east-1:891612582051:subgrp:multi-az-vpc-dev-subnet-group",
            "description": "Managed by Terraform",
            "id": "multi-az-vpc-dev-subnet-group",
            "name": "multi-az-vpc-dev-subnet-group",
            "name_prefix": "",
            "region": "us-east-1",
            "subnet_ids": [
              "subnet-01920710151dc9206",
              "subnet-0ff68d312969fca17"
            ],
            "supported_network_types": [
              "IPV4"
            ],
            "tags": {
              "Environment": "dev",
              "Name": "multi-az-vpc-dev-subnet-group",
              "Project": "multi-az-vpc"
            },
            "tags_all": {
              "Environment": "dev",
              "Name": "multi-az-vpc-dev-subnet-group",
              "Project": "multi-az-vpc"
            },
            "vpc_id": "vpc-010af611eca6c8550"
          },
          "sensitive_attributes": [],
          "private": "bnVsbA==",
          "dependencies": [
            "module.vpc.aws_subnet.private",
            "module.vpc.aws_vpc.main"
          ]
        }
      ]
    },
    {
      "module": "module.rds",
      "mode": "managed",
      "type": "aws_iam_role",
      "name": "rds_enhanced_monitoring",
      "provider": "provider[\"registry.terraform.io/hashicorp/aws\"]",
      "instances": [
        {
          "schema_version": 0,
          "attributes": {
            "arn": "arn:aws:iam::891612582051:role/multi-az-vpc-dev-rds-enhanced-monitoring",
            "assume_role_policy": "{\"Statement\":[{\"Action\":\"sts:AssumeRole\",\"Effect\":\"Allow\",\"Principal\":{\"Service\":\"monitoring.rds.amazonaws.com\"}}],\"Version\":\"2012-10-17\"}",
            "create_date": "2025-10-15T12:29:35Z",
            "description": "",
            "force_detach_policies": false,
            "id": "multi-az-vpc-dev-rds-enhanced-monitoring",
            "inline_policy": [],
            "managed_policy_arns": [
              "arn:aws:iam::aws:policy/service-role/AmazonRDSEnhancedMonitoringRole"
            ],
            "max_session_duration": 3600,
            "name": "multi-az-vpc-dev-rds-enhanced-monitoring",
            "name_prefix": "",
            "path": "/",
            "permissions_boundary": "",
            "tags": {
              "Environment": "dev",
              "Name": "multi-az-vpc-dev-rds-enhanced-monitoring",
              "Project": "multi-az-vpc"
            },
            "tags_all": {
              "Environment": "dev",
              "Name": "multi-az-vpc-dev-rds-enhanced-monitoring",
              "Project": "multi-az-vpc"
            },
            "unique_id": "AROA47GCAKCRYAE4AYK2C"
          },
          "sensitive_attributes": [],
          "private": "bnVsbA=="
        }
      ]
    },
    {
      "module": "module.rds",
      "mode": "managed",
      "type": "aws_iam_role_policy_attachment",
      "name": "rds_enhanced_monitoring",
      "provider": "provider[\"registry.terraform.io/hashicorp/aws\"]",
      "instances": [
        {
          "schema_version": 0,
          "attributes": {
            "id": "multi-az-vpc-dev-rds-enhanced-monitoring/arn:aws:iam::aws:policy/service-role/AmazonRDSEnhancedMonitoringRole",
            "policy_arn": "arn:aws:iam::aws:policy/service-role/AmazonRDSEnhancedMonitoringRole",
            "role": "multi-az-vpc-dev-rds-enhanced-monitoring"
          },
          "sensitive_attributes": [],
          "private": "bnVsbA==",
          "dependencies": [
            "module.rds.aws_iam_role.rds_enhanced_monitoring"
          ]
        }
      ]
    },
    {
      "module": "module.rds",
      "mode": "managed",
      "type": "aws_secretsmanager_secret",
      "name": "database",
      "provider": "provider[\"registry.terraform.io/hashicorp/aws\"]",
      "instances": [
        {
          "schema_version": 0,
          "attributes": {
            "arn": "arn:aws:secretsmanager:us-east-1:891612582051:secret:multi-az-vpc-dev-database-credentials-hYUrFd",
            "description": "Database credentials for multi-az-vpc dev",
            "force_overwrite_replica_secret": false,
            "id": "arn:aws:secretsmanager:us-east-1:891612582051:secret:multi-az-vpc-dev-database-credentials-hYUrFd",
            "kms_key_id": "",
            "name": "multi-az-vpc-dev-database-credentials",
            "name_prefix": "",
            "policy": "",
            "recovery_window_in_days": 0,
            "region": "us-east-1",
            "replica": [],
            "tags": {
              "Environment": "dev",
              "Name": "multi-az-vpc-dev-database-secret",
              "Project": "multi-az-vpc"
            },
            "tags_all": {
              "Environment": "dev",
              "Name": "multi-az-vpc-dev-database-secret",
              "Project": "multi-az-vpc"
            }
          },
          "sensitive_attributes": [],
          "private": "bnVsbA=="
        }
      ]
    },
    {
      "module": "module.rds",
      "mode": "managed",
      "type": "aws_secretsmanager_secret_version",
      "name": "database",
      "provider": "provider[\"registry.terraform.io/hashicorp/aws\"]",
      "instances": [
        {
          "schema_version": 0,
          "attributes": {
            "arn": "arn:aws:secretsmanager:us-east-1:891612582051:secret:multi-az-vpc-dev-database-credentials-hYUrFd",
            "has_secret_string_wo": null,
            "id": "arn:aws:secretsmanager:us-east-1:891612582051:secret:multi-az-vpc-dev-database-credentials-hYUrFd|terraform-20251015125734109600000001",
            "region": "us-east-1",
            "secret_binary": "",
            "secret_id": "arn:aws:secretsmanager:us-east-1:891612582051:secret:multi-az-vpc-dev-database-credentials-hYUrFd",
            "secret_string": "{\"dbname\":\"myapp\",\"host\":\"multi-az-vpc-dev-db.cc3w0qkyopxz.us-east-1.rds.amazonaws.com\",\"password\":\"Z7S6Nmr0!#u359bQ\",\"port\":5432,\"username\":\"postgres\"}",
            "secret_string_wo": null,
            "secret_string_wo_version": null,
            "version_id": "terraform-20251015125734109600000001",
            "version_stages": [
              "AWSCURRENT"
            ]
          },
          "sensitive_attributes": [
            [
              {
                "type": "get_attr",
                "value": "secret_string"
              }
            ]
          ],
          "private": "bnVsbA==",
          "dependencies": [
            "module.rds.aws_db_instance.main",
            "module.rds.aws_db_subnet_group.main",
            "module.rds.aws_iam_role.rds_enhanced_monitoring",
            "module.rds.aws_secretsmanager_secret.database",
            "module.rds.aws_security_group.rds",
            "module.rds.random_password.password",
            "module.vpc.aws_subnet.private",
            "module.vpc.aws_vpc.main"
          ]
        }
      ]
    },
    {
      "module": "module.rds",
      "mode": "managed",
      "type": "aws_security_group",
      "name": "rds",
      "provider": "provider[\"registry.terraform.io/hashicorp/aws\"]",
      "instances": [
        {
          "schema_version": 1,
          "attributes": {
            "arn": "arn:aws:ec2:us-east-1:891612582051:security-group/sg-0d033a360b73ac2de",
            "description": "Managed by Terraform",
            "egress": [
              {
                "cidr_blocks": [
                  "0.0.0.0/0"
                ],
                "description": "",
                "from_port": 0,
                "ipv6_cidr_blocks": [],
                "prefix_list_ids": [],
                "protocol": "-1",
                "security_groups": [],
                "self": false,
                "to_port": 0
              }
            ],
            "id": "sg-0d033a360b73ac2de",
            "ingress": [
              {
                "cidr_blocks": [
                  "10.0.0.0/16"
                ],
                "description": "",
                "from_port": 5432,
                "ipv6_cidr_blocks": [],
                "prefix_list_ids": [],
                "protocol": "tcp",
                "security_groups": [],
                "self": false,
                "to_port": 5432
              },
              {
                "cidr_blocks": [],
                "description": "",
                "from_port": 5432,
                "ipv6_cidr_blocks": [],
                "prefix_list_ids": [],
                "protocol": "tcp",
                "security_groups": [],
                "self": false,
                "to_port": 5432
              }
            ],
            "name": "multi-az-vpc-dev-rds-20251015122948631900000003",
            "name_prefix": "multi-az-vpc-dev-rds-",
            "owner_id": "891612582051",
            "region": "us-east-1",
            "revoke_rules_on_delete": false,
            "tags": {
              "Environment": "dev",
              "Name": "multi-az-vpc-dev-rds-sg",
              "Project": "multi-az-vpc"
            },
            "tags_all": {
              "Environment": "dev",
              "Name": "multi-az-vpc-dev-rds-sg",
              "Project": "multi-az-vpc"
            },
            "timeouts": null,
            "vpc_id": "vpc-010af611eca6c8550"
          },
          "sensitive_attributes": [],
          "private": "eyJlMmJmYjczMC1lY2FhLTExZTYtOGY4OC0zNDM2M2JjN2M0YzAiOnsiY3JlYXRlIjo2MDAwMDAwMDAwMDAsImRlbGV0ZSI6OTAwMDAwMDAwMDAwfSwic2NoZW1hX3ZlcnNpb24iOiIxIn0=",
          "dependencies": [
            "module.vpc.aws_vpc.main"
          ],
          "create_before_destroy": true
        }
      ]
    },
    {
      "module": "module.rds",
      "mode": "managed",
      "type": "random_password",
      "name": "password",
      "provider": "provider[\"registry.terraform.io/hashicorp/random\"]",
      "instances": [
        {
          "schema_version": 3,
          "attributes": {
            "bcrypt_hash": "$2a$10$XiLjYEy5jShGWUbBEdF2GOu0GTOQS6hl6UCNUyxMpaSWAHgne/Toa",
            "id": "none",
            "keepers": null,
            "length": 16,
            "lower": true,
            "min_lower": 1,
            "min_numeric": 1,
            "min_special": 1,
            "min_upper": 1,
            "number": true,
            "numeric": true,
            "override_special": "!#$%\u0026",
            "result": "Z7S6Nmr0!#u359bQ",
            "special": true,
            "upper": true
          },
          "sensitive_attributes": []
        }
      ]
    },
    {
      "module": "module.rds",
      "mode": "managed",
      "type": "time_sleep",
      "name": "wait_for_main_db",
      "provider": "provider[\"registry.terraform.io/hashicorp/time\"]",
      "instances": [
        {
          "schema_version": 0,
          "attributes": {
            "create_duration": "60s",
            "destroy_duration": null,
            "id": "2025-10-15T14:36:35Z",
            "triggers": null
          },
          "sensitive_attributes": [],
          "dependencies": [
            "module.rds.aws_db_instance.main",
            "module.rds.aws_db_subnet_group.main",
            "module.rds.aws_iam_role.rds_enhanced_monitoring",
            "module.rds.aws_security_group.rds",
            "module.rds.random_password.password"
          ]
        }
      ]
    },
    {
      "module": "module.vpc",
      "mode": "managed",
      "type": "aws_eip",
      "name": "nat",
      "provider": "provider[\"registry.terraform.io/hashicorp/aws\"]",
      "instances": [
        {
          "index_key": 0,
          "schema_version": 0,
          "attributes": {
            "address": null,
            "allocation_id": "eipalloc-04bab4036288500c9",
            "arn": "arn:aws:ec2:us-east-1:891612582051:elastic-ip/eipalloc-04bab4036288500c9",
            "associate_with_private_ip": null,
            "association_id": "eipassoc-088a6cc6b2b8c07a0",
            "carrier_ip": "",
            "customer_owned_ip": "",
            "customer_owned_ipv4_pool": "",
            "domain": "vpc",
            "id": "eipalloc-04bab4036288500c9",
            "instance": "",
            "ipam_pool_id": null,
            "network_border_group": "us-east-1",
            "network_interface": "eni-083105bdb1f1694e2",
            "private_dns": "ip-10-0-1-145.ec2.internal",
            "private_ip": "10.0.1.145",
            "ptr_record": "",
            "public_dns": "ec2-44-215-99-156.compute-1.amazonaws.com",
            "public_ip": "44.215.99.156",
            "public_ipv4_pool": "amazon",
            "region": "us-east-1",
            "tags": {
              "Environment": "dev",
              "Name": "multi-az-vpc-dev-nat-eip-1",
              "Project": "multi-az-vpc"
            },
            "tags_all": {
              "Environment": "dev",
              "Name": "multi-az-vpc-dev-nat-eip-1",
              "Project": "multi-az-vpc"
            },
            "timeouts": null
          },
          "sensitive_attributes": [],
          "private": "eyJlMmJmYjczMC1lY2FhLTExZTYtOGY4OC0zNDM2M2JjN2M0YzAiOnsiZGVsZXRlIjoxODAwMDAwMDAwMDAsInJlYWQiOjkwMDAwMDAwMDAwMCwidXBkYXRlIjozMDAwMDAwMDAwMDB9fQ==",
          "dependencies": [
            "module.vpc.aws_internet_gateway.main",
            "module.vpc.aws_vpc.main"
          ]
        },
        {
          "index_key": 1,
          "schema_version": 0,
          "attributes": {
            "address": null,
            "allocation_id": "eipalloc-0be9dd669bd672559",
            "arn": "arn:aws:ec2:us-east-1:891612582051:elastic-ip/eipalloc-0be9dd669bd672559",
            "associate_with_private_ip": null,
            "association_id": "eipassoc-07d7b7b99133ea88e",
            "carrier_ip": "",
            "customer_owned_ip": "",
            "customer_owned_ipv4_pool": "",
            "domain": "vpc",
            "id": "eipalloc-0be9dd669bd672559",
            "instance": "",
            "ipam_pool_id": null,
            "network_border_group": "us-east-1",
            "network_interface": "eni-084a7d7bf96a3ad46",
            "private_dns": "ip-10-0-2-132.ec2.internal",
            "private_ip": "10.0.2.132",
            "ptr_record": "",
            "public_dns": "ec2-98-90-79-227.compute-1.amazonaws.com",
            "public_ip": "98.90.79.227",
            "public_ipv4_pool": "amazon",
            "region": "us-east-1",
            "tags": {
              "Environment": "dev",
              "Name": "multi-az-vpc-dev-nat-eip-2",
              "Project": "multi-az-vpc"
            },
            "tags_all": {
              "Environment": "dev",
              "Name": "multi-az-vpc-dev-nat-eip-2",
              "Project": "multi-az-vpc"
            },
            "timeouts": null
          },
          "sensitive_attributes": [],
          "private": "eyJlMmJmYjczMC1lY2FhLTExZTYtOGY4OC0zNDM2M2JjN2M0YzAiOnsiZGVsZXRlIjoxODAwMDAwMDAwMDAsInJlYWQiOjkwMDAwMDAwMDAwMCwidXBkYXRlIjozMDAwMDAwMDAwMDB9fQ==",
          "dependencies": [
            "module.vpc.aws_internet_gateway.main",
            "module.vpc.aws_vpc.main"
          ]
        }
      ]
    },
    {
      "module": "module.vpc",
      "mode": "managed",
      "type": "aws_internet_gateway",
      "name": "main",
      "provider": "provider[\"registry.terraform.io/hashicorp/aws\"]",
      "instances": [
        {
          "schema_version": 0,
          "attributes": {
            "arn": "arn:aws:ec2:us-east-1:891612582051:internet-gateway/igw-0dc1299685cdba765",
            "id": "igw-0dc1299685cdba765",
            "owner_id": "891612582051",
            "region": "us-east-1",
            "tags": {
              "Environment": "dev",
              "Name": "multi-az-vpc-dev-igw",
              "Project": "multi-az-vpc"
            },
            "tags_all": {
              "Environment": "dev",
              "Name": "multi-az-vpc-dev-igw",
              "Project": "multi-az-vpc"
            },
            "timeouts": null,
            "vpc_id": "vpc-010af611eca6c8550"
          },
          "sensitive_attributes": [],
          "private": "eyJlMmJmYjczMC1lY2FhLTExZTYtOGY4OC0zNDM2M2JjN2M0YzAiOnsiY3JlYXRlIjoxMjAwMDAwMDAwMDAwLCJkZWxldGUiOjEyMDAwMDAwMDAwMDAsInVwZGF0ZSI6MTIwMDAwMDAwMDAwMH19",
          "dependencies": [
            "module.vpc.aws_vpc.main"
          ]
        }
      ]
    },
    {
      "module": "module.vpc",
      "mode": "managed",
      "type": "aws_nat_gateway",
      "name": "main",
      "provider": "provider[\"registry.terraform.io/hashicorp/aws\"]",
      "instances": [
        {
          "index_key": 0,
          "schema_version": 0,
          "attributes": {
            "allocation_id": "eipalloc-04bab4036288500c9",
            "association_id": "eipassoc-088a6cc6b2b8c07a0",
            "connectivity_type": "public",
            "id": "nat-01138f231b79b483b",
            "network_interface_id": "eni-083105bdb1f1694e2",
            "private_ip": "10.0.1.145",
            "public_ip": "44.215.99.156",
            "region": "us-east-1",
            "secondary_allocation_ids": [],
            "secondary_private_ip_address_count": 0,
            "secondary_private_ip_addresses": [],
            "subnet_id": "subnet-08160f8b963cee6dc",
            "tags": {
              "Environment": "dev",
              "Name": "multi-az-vpc-dev-nat-gw-1",
              "Project": "multi-az-vpc"
            },
            "tags_all": {
              "Environment": "dev",
              "Name": "multi-az-vpc-dev-nat-gw-1",
              "Project": "multi-az-vpc"
            },
            "timeouts": null
          },
          "sensitive_attributes": [],
          "private": "eyJlMmJmYjczMC1lY2FhLTExZTYtOGY4OC0zNDM2M2JjN2M0YzAiOnsiY3JlYXRlIjo2MDAwMDAwMDAwMDAsImRlbGV0ZSI6MTgwMDAwMDAwMDAwMCwidXBkYXRlIjo2MDAwMDAwMDAwMDB9fQ==",
          "dependencies": [
            "module.vpc.aws_eip.nat",
            "module.vpc.aws_internet_gateway.main",
            "module.vpc.aws_subnet.public",
            "module.vpc.aws_vpc.main"
          ]
        },
        {
          "index_key": 1,
          "schema_version": 0,
          "attributes": {
            "allocation_id": "eipalloc-0be9dd669bd672559",
            "association_id": "eipassoc-07d7b7b99133ea88e",
            "connectivity_type": "public",
            "id": "nat-0d6ed4b6fbb38e0f6",
            "network_interface_id": "eni-084a7d7bf96a3ad46",
            "private_ip": "10.0.2.132",
            "public_ip": "98.90.79.227",
            "region": "us-east-1",
            "secondary_allocation_ids": [],
            "secondary_private_ip_address_count": 0,
            "secondary_private_ip_addresses": [],
            "subnet_id": "subnet-0c2c119a2d2cede8b",
            "tags": {
              "Environment": "dev",
              "Name": "multi-az-vpc-dev-nat-gw-2",
              "Project": "multi-az-vpc"
            },
            "tags_all": {
              "Environment": "dev",
              "Name": "multi-az-vpc-dev-nat-gw-2",
              "Project": "multi-az-vpc"
            },
            "timeouts": null
          },
          "sensitive_attributes": [],
          "private": "eyJlMmJmYjczMC1lY2FhLTExZTYtOGY4OC0zNDM2M2JjN2M0YzAiOnsiY3JlYXRlIjo2MDAwMDAwMDAwMDAsImRlbGV0ZSI6MTgwMDAwMDAwMDAwMCwidXBkYXRlIjo2MDAwMDAwMDAwMDB9fQ==",
          "dependencies": [
            "module.vpc.aws_eip.nat",
            "module.vpc.aws_internet_gateway.main",
            "module.vpc.aws_subnet.public",
            "module.vpc.aws_vpc.main"
          ]
        }
      ]
    },
    {
      "module": "module.vpc",
      "mode": "managed",
      "type": "aws_route_table",
      "name": "private",
      "provider": "provider[\"registry.terraform.io/hashicorp/aws\"]",
      "instances": [
        {
          "index_key": 0,
          "schema_version": 0,
          "attributes": {
            "arn": "arn:aws:ec2:us-east-1:891612582051:route-table/rtb-061b4f9afef3d664c",
            "id": "rtb-061b4f9afef3d664c",
            "owner_id": "891612582051",
            "propagating_vgws": [],
            "region": "us-east-1",
            "route": [
              {
                "carrier_gateway_id": "",
                "cidr_block": "0.0.0.0/0",
                "core_network_arn": "",
                "destination_prefix_list_id": "",
                "egress_only_gateway_id": "",
                "gateway_id": "",
                "ipv6_cidr_block": "",
                "local_gateway_id": "",
                "nat_gateway_id": "nat-01138f231b79b483b",
                "network_interface_id": "",
                "transit_gateway_id": "",
                "vpc_endpoint_id": "",
                "vpc_peering_connection_id": ""
              }
            ],
            "tags": {
              "Environment": "dev",
              "Name": "multi-az-vpc-dev-private-rt-1",
              "Project": "multi-az-vpc"
            },
            "tags_all": {
              "Environment": "dev",
              "Name": "multi-az-vpc-dev-private-rt-1",
              "Project": "multi-az-vpc"
            },
            "timeouts": null,
            "vpc_id": "vpc-010af611eca6c8550"
          },
          "sensitive_attributes": [],
          "private": "eyJlMmJmYjczMC1lY2FhLTExZTYtOGY4OC0zNDM2M2JjN2M0YzAiOnsiY3JlYXRlIjozMDAwMDAwMDAwMDAsImRlbGV0ZSI6MzAwMDAwMDAwMDAwLCJ1cGRhdGUiOjEyMDAwMDAwMDAwMH19",
          "dependencies": [
            "module.vpc.aws_eip.nat",
            "module.vpc.aws_internet_gateway.main",
            "module.vpc.aws_nat_gateway.main",
            "module.vpc.aws_subnet.public",
            "module.vpc.aws_vpc.main"
          ]
        },
        {
          "index_key": 1,
          "schema_version": 0,
          "attributes": {
            "arn": "arn:aws:ec2:us-east-1:891612582051:route-table/rtb-0df6a88f180bc0ced",
            "id": "rtb-0df6a88f180bc0ced",
            "owner_id": "891612582051",
            "propagating_vgws": [],
            "region": "us-east-1",
            "route": [
              {
                "carrier_gateway_id": "",
                "cidr_block": "0.0.0.0/0",
                "core_network_arn": "",
                "destination_prefix_list_id": "",
                "egress_only_gateway_id": "",
                "gateway_id": "",
                "ipv6_cidr_block": "",
                "local_gateway_id": "",
                "nat_gateway_id": "nat-0d6ed4b6fbb38e0f6",
                "network_interface_id": "",
                "transit_gateway_id": "",
                "vpc_endpoint_id": "",
                "vpc_peering_connection_id": ""
              }
            ],
            "tags": {
              "Environment": "dev",
              "Name": "multi-az-vpc-dev-private-rt-2",
              "Project": "multi-az-vpc"
            },
            "tags_all": {
              "Environment": "dev",
              "Name": "multi-az-vpc-dev-private-rt-2",
              "Project": "multi-az-vpc"
            },
            "timeouts": null,
            "vpc_id": "vpc-010af611eca6c8550"
          },
          "sensitive_attributes": [],
          "private": "eyJlMmJmYjczMC1lY2FhLTExZTYtOGY4OC0zNDM2M2JjN2M0YzAiOnsiY3JlYXRlIjozMDAwMDAwMDAwMDAsImRlbGV0ZSI6MzAwMDAwMDAwMDAwLCJ1cGRhdGUiOjEyMDAwMDAwMDAwMH19",
          "dependencies": [
            "module.vpc.aws_eip.nat",
            "module.vpc.aws_internet_gateway.main",
            "module.vpc.aws_nat_gateway.main",
            "module.vpc.aws_subnet.public",
            "module.vpc.aws_vpc.main"
          ]
        }
      ]
    },
    {
      "module": "module.vpc",
      "mode": "managed",
      "type": "aws_route_table",
      "name": "public",
      "provider": "provider[\"registry.terraform.io/hashicorp/aws\"]",
      "instances": [
        {
          "schema_version": 0,
          "attributes": {
            "arn": "arn:aws:ec2:us-east-1:891612582051:route-table/rtb-03cb3f71ec0f87bb9",
            "id": "rtb-03cb3f71ec0f87bb9",
            "owner_id": "891612582051",
            "propagating_vgws": [],
            "region": "us-east-1",
            "route": [
              {
                "carrier_gateway_id": "",
                "cidr_block": "0.0.0.0/0",
                "core_network_arn": "",
                "destination_prefix_list_id": "",
                "egress_only_gateway_id": "",
                "gateway_id": "igw-0dc1299685cdba765",
                "ipv6_cidr_block": "",
                "local_gateway_id": "",
                "nat_gateway_id": "",
                "network_interface_id": "",
                "transit_gateway_id": "",
                "vpc_endpoint_id": "",
                "vpc_peering_connection_id": ""
              }
            ],
            "tags": {
              "Environment": "dev",
              "Name": "multi-az-vpc-dev-public-rt",
              "Project": "multi-az-vpc"
            },
            "tags_all": {
              "Environment": "dev",
              "Name": "multi-az-vpc-dev-public-rt",
              "Project": "multi-az-vpc"
            },
            "timeouts": null,
            "vpc_id": "vpc-010af611eca6c8550"
          },
          "sensitive_attributes": [],
          "private": "eyJlMmJmYjczMC1lY2FhLTExZTYtOGY4OC0zNDM2M2JjN2M0YzAiOnsiY3JlYXRlIjozMDAwMDAwMDAwMDAsImRlbGV0ZSI6MzAwMDAwMDAwMDAwLCJ1cGRhdGUiOjEyMDAwMDAwMDAwMH19",
          "dependencies": [
            "module.vpc.aws_internet_gateway.main",
            "module.vpc.aws_vpc.main"
          ]
        }
      ]
    },
    {
      "module": "module.vpc",
      "mode": "managed",
      "type": "aws_route_table_association",
      "name": "private",
      "provider": "provider[\"registry.terraform.io/hashicorp/aws\"]",
      "instances": [
        {
          "index_key": 0,
          "schema_version": 0,
          "attributes": {
            "gateway_id": "",
            "id": "rtbassoc-0ab982b5af6bdffc5",
            "region": "us-east-1",
            "route_table_id": "rtb-061b4f9afef3d664c",
            "subnet_id": "subnet-0ff68d312969fca17",
            "timeouts": null
          },
          "sensitive_attributes": [],
          "private": "eyJlMmJmYjczMC1lY2FhLTExZTYtOGY4OC0zNDM2M2JjN2M0YzAiOnsiY3JlYXRlIjozMDAwMDAwMDAwMDAsImRlbGV0ZSI6MzAwMDAwMDAwMDAwLCJ1cGRhdGUiOjEyMDAwMDAwMDAwMH19",
          "dependencies": [
            "module.vpc.aws_eip.nat",
            "module.vpc.aws_internet_gateway.main",
            "module.vpc.aws_nat_gateway.main",
            "module.vpc.aws_route_table.private",
            "module.vpc.aws_subnet.private",
            "module.vpc.aws_subnet.public",
            "module.vpc.aws_vpc.main"
          ]
        },
        {
          "index_key": 1,
          "schema_version": 0,
          "attributes": {
            "gateway_id": "",
            "id": "rtbassoc-04eb1c08156ae31ef",
            "region": "us-east-1",
            "route_table_id": "rtb-0df6a88f180bc0ced",
            "subnet_id": "subnet-01920710151dc9206",
            "timeouts": null
          },
          "sensitive_attributes": [],
          "private": "eyJlMmJmYjczMC1lY2FhLTExZTYtOGY4OC0zNDM2M2JjN2M0YzAiOnsiY3JlYXRlIjozMDAwMDAwMDAwMDAsImRlbGV0ZSI6MzAwMDAwMDAwMDAwLCJ1cGRhdGUiOjEyMDAwMDAwMDAwMH19",
          "dependencies": [
            "module.vpc.aws_eip.nat",
            "module.vpc.aws_internet_gateway.main",
            "module.vpc.aws_nat_gateway.main",
            "module.vpc.aws_route_table.private",
            "module.vpc.aws_subnet.private",
            "module.vpc.aws_subnet.public",
            "module.vpc.aws_vpc.main"
          ]
        }
      ]
    },
    {
      "module": "module.vpc",
      "mode": "managed",
      "type": "aws_route_table_association",
      "name": "public",
      "provider": "provider[\"registry.terraform.io/hashicorp/aws\"]",
      "instances": [
        {
          "index_key": 0,
          "schema_version": 0,
          "attributes": {
            "gateway_id": "",
            "id": "rtbassoc-077458b7d8e71c8d1",
            "region": "us-east-1",
            "route_table_id": "rtb-03cb3f71ec0f87bb9",
            "subnet_id": "subnet-08160f8b963cee6dc",
            "timeouts": null
          },
          "sensitive_attributes": [],
          "private": "eyJlMmJmYjczMC1lY2FhLTExZTYtOGY4OC0zNDM2M2JjN2M0YzAiOnsiY3JlYXRlIjozMDAwMDAwMDAwMDAsImRlbGV0ZSI6MzAwMDAwMDAwMDAwLCJ1cGRhdGUiOjEyMDAwMDAwMDAwMH19",
          "dependencies": [
            "module.vpc.aws_internet_gateway.main",
            "module.vpc.aws_route_table.public",
            "module.vpc.aws_subnet.public",
            "module.vpc.aws_vpc.main"
          ]
        },
        {
          "index_key": 1,
          "schema_version": 0,
          "attributes": {
            "gateway_id": "",
            "id": "rtbassoc-0556c35a027c43e00",
            "region": "us-east-1",
            "route_table_id": "rtb-03cb3f71ec0f87bb9",
            "subnet_id": "subnet-0c2c119a2d2cede8b",
            "timeouts": null
          },
          "sensitive_attributes": [],
          "private": "eyJlMmJmYjczMC1lY2FhLTExZTYtOGY4OC0zNDM2M2JjN2M0YzAiOnsiY3JlYXRlIjozMDAwMDAwMDAwMDAsImRlbGV0ZSI6MzAwMDAwMDAwMDAwLCJ1cGRhdGUiOjEyMDAwMDAwMDAwMH19",
          "dependencies": [
            "module.vpc.aws_internet_gateway.main",
            "module.vpc.aws_route_table.public",
            "module.vpc.aws_subnet.public",
            "module.vpc.aws_vpc.main"
          ]
        }
      ]
    },
    {
      "module": "module.vpc",
      "mode": "managed",
      "type": "aws_subnet",
      "name": "private",
      "provider": "provider[\"registry.terraform.io/hashicorp/aws\"]",
      "instances": [
        {
          "index_key": 0,
          "schema_version": 1,
          "attributes": {
            "arn": "arn:aws:ec2:us-east-1:891612582051:subnet/subnet-0ff68d312969fca17",
            "assign_ipv6_address_on_creation": false,
            "availability_zone": "us-east-1a",
            "availability_zone_id": "use1-az1",
            "cidr_block": "10.0.11.0/24",
            "customer_owned_ipv4_pool": "",
            "enable_dns64": false,
            "enable_lni_at_device_index": 0,
            "enable_resource_name_dns_a_record_on_launch": false,
            "enable_resource_name_dns_aaaa_record_on_launch": false,
            "id": "subnet-0ff68d312969fca17",
            "ipv6_cidr_block": "",
            "ipv6_cidr_block_association_id": "",
            "ipv6_native": false,
            "map_customer_owned_ip_on_launch": false,
            "map_public_ip_on_launch": false,
            "outpost_arn": "",
            "owner_id": "891612582051",
            "private_dns_hostname_type_on_launch": "ip-name",
            "region": "us-east-1",
            "tags": {
              "Environment": "dev",
              "Name": "multi-az-vpc-dev-private-subnet-1",
              "Project": "multi-az-vpc",
              "Type": "Private"
            },
            "tags_all": {
              "Environment": "dev",
              "Name": "multi-az-vpc-dev-private-subnet-1",
              "Project": "multi-az-vpc",
              "Type": "Private"
            },
            "timeouts": null,
            "vpc_id": "vpc-010af611eca6c8550"
          },
          "sensitive_attributes": [],
          "private": "eyJlMmJmYjczMC1lY2FhLTExZTYtOGY4OC0zNDM2M2JjN2M0YzAiOnsiY3JlYXRlIjo2MDAwMDAwMDAwMDAsImRlbGV0ZSI6MTIwMDAwMDAwMDAwMH0sInNjaGVtYV92ZXJzaW9uIjoiMSJ9",
          "dependencies": [
            "module.vpc.aws_vpc.main"
          ],
          "create_before_destroy": true
        },
        {
          "index_key": 1,
          "schema_version": 1,
          "attributes": {
            "arn": "arn:aws:ec2:us-east-1:891612582051:subnet/subnet-01920710151dc9206",
            "assign_ipv6_address_on_creation": false,
            "availability_zone": "us-east-1b",
            "availability_zone_id": "use1-az2",
            "cidr_block": "10.0.12.0/24",
            "customer_owned_ipv4_pool": "",
            "enable_dns64": false,
            "enable_lni_at_device_index": 0,
            "enable_resource_name_dns_a_record_on_launch": false,
            "enable_resource_name_dns_aaaa_record_on_launch": false,
            "id": "subnet-01920710151dc9206",
            "ipv6_cidr_block": "",
            "ipv6_cidr_block_association_id": "",
            "ipv6_native": false,
            "map_customer_owned_ip_on_launch": false,
            "map_public_ip_on_launch": false,
            "outpost_arn": "",
            "owner_id": "891612582051",
            "private_dns_hostname_type_on_launch": "ip-name",
            "region": "us-east-1",
            "tags": {
              "Environment": "dev",
              "Name": "multi-az-vpc-dev-private-subnet-2",
              "Project": "multi-az-vpc",
              "Type": "Private"
            },
            "tags_all": {
              "Environment": "dev",
              "Name": "multi-az-vpc-dev-private-subnet-2",
              "Project": "multi-az-vpc",
              "Type": "Private"
            },
            "timeouts": null,
            "vpc_id": "vpc-010af611eca6c8550"
          },
          "sensitive_attributes": [],
          "private": "eyJlMmJmYjczMC1lY2FhLTExZTYtOGY4OC0zNDM2M2JjN2M0YzAiOnsiY3JlYXRlIjo2MDAwMDAwMDAwMDAsImRlbGV0ZSI6MTIwMDAwMDAwMDAwMH0sInNjaGVtYV92ZXJzaW9uIjoiMSJ9",
          "dependencies": [
            "module.vpc.aws_vpc.main"
          ],
          "create_before_destroy": true
        }
      ]
    },
    {
      "module": "module.vpc",
      "mode": "managed",
      "type": "aws_subnet",
      "name": "public",
      "provider": "provider[\"registry.terraform.io/hashicorp/aws\"]",
      "instances": [
        {
          "index_key": 0,
          "schema_version": 1,
          "attributes": {
            "arn": "arn:aws:ec2:us-east-1:891612582051:subnet/subnet-08160f8b963cee6dc",
            "assign_ipv6_address_on_creation": false,
            "availability_zone": "us-east-1a",
            "availability_zone_id": "use1-az1",
            "cidr_block": "10.0.1.0/24",
            "customer_owned_ipv4_pool": "",
            "enable_dns64": false,
            "enable_lni_at_device_index": 0,
            "enable_resource_name_dns_a_record_on_launch": false,
            "enable_resource_name_dns_aaaa_record_on_launch": false,
            "id": "subnet-08160f8b963cee6dc",
            "ipv6_cidr_block": "",
            "ipv6_cidr_block_association_id": "",
            "ipv6_native": false,
            "map_customer_owned_ip_on_launch": false,
            "map_public_ip_on_launch": true,
            "outpost_arn": "",
            "owner_id": "891612582051",
            "private_dns_hostname_type_on_launch": "ip-name",
            "region": "us-east-1",
            "tags": {
              "Environment": "dev",
              "Name": "multi-az-vpc-dev-public-subnet-1",
              "Project": "multi-az-vpc",
              "Type": "Public"
            },
            "tags_all": {
              "Environment": "dev",
              "Name": "multi-az-vpc-dev-public-subnet-1",
              "Project": "multi-az-vpc",
              "Type": "Public"
            },
            "timeouts": null,
            "vpc_id": "vpc-010af611eca6c8550"
          },
          "sensitive_attributes": [],
          "private": "eyJlMmJmYjczMC1lY2FhLTExZTYtOGY4OC0zNDM2M2JjN2M0YzAiOnsiY3JlYXRlIjo2MDAwMDAwMDAwMDAsImRlbGV0ZSI6MTIwMDAwMDAwMDAwMH0sInNjaGVtYV92ZXJzaW9uIjoiMSJ9",
          "dependencies": [
            "module.vpc.aws_vpc.main"
          ]
        },
        {
          "index_key": 1,
          "schema_version": 1,
          "attributes": {
            "arn": "arn:aws:ec2:us-east-1:891612582051:subnet/subnet-0c2c119a2d2cede8b",
            "assign_ipv6_address_on_creation": false,
            "availability_zone": "us-east-1b",
            "availability_zone_id": "use1-az2",
            "cidr_block": "10.0.2.0/24",
            "customer_owned_ipv4_pool": "",
            "enable_dns64": false,
            "enable_lni_at_device_index": 0,
            "enable_resource_name_dns_a_record_on_launch": false,
            "enable_resource_name_dns_aaaa_record_on_launch": false,
            "id": "subnet-0c2c119a2d2cede8b",
            "ipv6_cidr_block": "",
            "ipv6_cidr_block_association_id": "",
            "ipv6_native": false,
            "map_customer_owned_ip_on_launch": false,
            "map_public_ip_on_launch": true,
            "outpost_arn": "",
            "owner_id": "891612582051",
            "private_dns_hostname_type_on_launch": "ip-name",
            "region": "us-east-1",
            "tags": {
              "Environment": "dev",
              "Name": "multi-az-vpc-dev-public-subnet-2",
              "Project": "multi-az-vpc",
              "Type": "Public"
            },
            "tags_all": {
              "Environment": "dev",
              "Name": "multi-az-vpc-dev-public-subnet-2",
              "Project": "multi-az-vpc",
              "Type": "Public"
            },
            "timeouts": null,
            "vpc_id": "vpc-010af611eca6c8550"
          },
          "sensitive_attributes": [],
          "private": "eyJlMmJmYjczMC1lY2FhLTExZTYtOGY4OC0zNDM2M2JjN2M0YzAiOnsiY3JlYXRlIjo2MDAwMDAwMDAwMDAsImRlbGV0ZSI6MTIwMDAwMDAwMDAwMH0sInNjaGVtYV92ZXJzaW9uIjoiMSJ9",
          "dependencies": [
            "module.vpc.aws_vpc.main"
          ]
        }
      ]
    },
    {
      "module": "module.vpc",
      "mode": "managed",
      "type": "aws_vpc",
      "name": "main",
      "provider": "provider[\"registry.terraform.io/hashicorp/aws\"]",
      "instances": [
        {
          "schema_version": 1,
          "attributes": {
            "arn": "arn:aws:ec2:us-east-1:891612582051:vpc/vpc-010af611eca6c8550",
            "assign_generated_ipv6_cidr_block": false,
            "cidr_block": "10.0.0.0/16",
            "default_network_acl_id": "acl-0eab47e45aff3d8ee",
            "default_route_table_id": "rtb-00c56b05b2682dd59",
            "default_security_group_id": "sg-0eeb5f20543340f3f",
            "dhcp_options_id": "dopt-08ee3f0d23127c54f",
            "enable_dns_hostnames": true,
            "enable_dns_support": true,
            "enable_network_address_usage_metrics": false,
            "id": "vpc-010af611eca6c8550",
            "instance_tenancy": "default",
            "ipv4_ipam_pool_id": null,
            "ipv4_netmask_length": null,
            "ipv6_association_id": "",
            "ipv6_cidr_block": "",
            "ipv6_cidr_block_network_border_group": "",
            "ipv6_ipam_pool_id": "",
            "ipv6_netmask_length": 0,
            "main_route_table_id": "rtb-00c56b05b2682dd59",
            "owner_id": "891612582051",
            "region": "us-east-1",
            "tags": {
              "Environment": "dev",
              "Name": "multi-az-vpc-dev-vpc",
              "Project": "multi-az-vpc"
            },
            "tags_all": {
              "Environment": "dev",
              "Name": "multi-az-vpc-dev-vpc",
              "Project": "multi-az-vpc"
            }
          },
          "sensitive_attributes": [],
          "private": "eyJzY2hlbWFfdmVyc2lvbiI6IjEifQ==",
          "create_before_destroy": true
        }
      ]
    }
  ],
  "check_results": null
}
